
Microsoft Visual Studio Solution File, Format Version 12.00
# Visual Studio Version 17
VisualStudioVersion = 17.0.31912.275
MinimumVisualStudioVersion = 10.0.40219.1
Project("{9A19103F-16F7-4668-BE54-9A1E7A4F7556}") = "SwaggerApiCodeGenerator", "ServiceDiscovery\SwaggerApiCodeGenerator.csproj", "{80002C4D-C078-4B50-A522-B668FA5D6F71}"
EndProject
Global
	GlobalSection(SolutionConfigurationPlatforms) = preSolution
		Debug|Any CPU = Debug|Any CPU
		Release|Any CPU = Release|Any CPU
	EndGlobalSection
	GlobalSection(ProjectConfigurationPlatforms) = postSolution
		{80002C4D-C078-4B50-A522-B668FA5D6F71}.Debug|Any CPU.ActiveCfg = Debug|Any CPU
		{80002C4D-C078-4B50-A522-B668FA5D6F71}.Debug|Any CPU.Build.0 = Debug|Any CPU
		{80002C4D-C078-4B50-A522-B668FA5D6F71}.Release|Any CPU.ActiveCfg = Release|Any CPU
		{80002C4D-C078-4B50-A522-B668FA5D6F71}.Release|Any CPU.Build.0 = Release|Any CPU
	EndGlobalSection
	GlobalSection(SolutionProperties) = preSolution
		HideSolutionNode = FALSE
	EndGlobalSection
	GlobalSection(ExtensibilityGlobals) = postSolution
		SolutionGuid = {C8E8CA61-D724-4ED3-A481-835AFAE24FD1}
	EndGlobalSection
EndGlobal
